// !$*UTF8*$!
{
	archiveVersion = 1;
	classes = {
	};
	objectVersion = 50;
	objects = {

/* Begin PBXBuildFile section */
		C54213DE214821AE00F6503E /* AppDelegate.swift in Sources */ = {isa = PBXBuildFile; fileRef = C54213DD214821AE00F6503E /* AppDelegate.swift */; };
		C54213E0214821AE00F6503E /* ViewController.swift in Sources */ = {isa = PBXBuildFile; fileRef = C54213DF214821AE00F6503E /* ViewController.swift */; };
		C54213E3214821AE00F6503E /* Main.storyboard in Resources */ = {isa = PBXBuildFile; fileRef = C54213E1214821AE00F6503E /* Main.storyboard */; };
		C54213E5214821AF00F6503E /* Assets.xcassets in Resources */ = {isa = PBXBuildFile; fileRef = C54213E4214821AF00F6503E /* Assets.xcassets */; };
		C54213E8214821AF00F6503E /* LaunchScreen.storyboard in Resources */ = {isa = PBXBuildFile; fileRef = C54213E6214821AF00F6503E /* LaunchScreen.storyboard */; };
		C54213F3214821AF00F6503E /* StocksTests.swift in Sources */ = {isa = PBXBuildFile; fileRef = C54213F2214821AF00F6503E /* StocksTests.swift */; };
		C54213FE214821AF00F6503E /* StocksUITests.swift in Sources */ = {isa = PBXBuildFile; fileRef = C54213FD214821AF00F6503E /* StocksUITests.swift */; };
/* End PBXBuildFile section */

/* Begin PBXContainerItemProxy section */
		C54213EF214821AF00F6503E /* PBXContainerItemProxy */ = {
			isa = PBXContainerItemProxy;
			containerPortal = C54213D2214821AE00F6503E /* Project object */;
			proxyType = 1;
			remoteGlobalIDString = C54213D9214821AE00F6503E;
			remoteInfo = Stocks;
		};
		C54213FA214821AF00F6503E /* PBXContainerItemProxy */ = {
			isa = PBXContainerItemProxy;
			containerPortal = C54213D2214821AE00F6503E /* Project object */;
			proxyType = 1;
			remoteGlobalIDString = C54213D9214821AE00F6503E;
			remoteInfo = Stocks;
		};
/* End PBXContainerItemProxy section */

/* Begin PBXFileReference section */
		C54213DA214821AE00F6503E /* Stocks.app */ = {isa = PBXFileReference; explicitFileType = wrapper.application; includeInIndex = 0; path = Stocks.app; sourceTree = BUILT_PRODUCTS_DIR; };
		C54213DD214821AE00F6503E /* AppDelegate.swift */ = {isa = PBXFileReference; lastKnownFileType = sourcecode.swift; path = AppDelegate.swift; sourceTree = "<group>"; };
		C54213DF214821AE00F6503E /* ViewController.swift */ = {isa = PBXFileReference; lastKnownFileType = sourcecode.swift; path = ViewController.swift; sourceTree = "<group>"; };
		C54213E2214821AE00F6503E /* Base */ = {isa = PBXFileReference; lastKnownFileType = file.storyboard; name = Base; path = Base.lproj/Main.storyboard; sourceTree = "<group>"; };
		C54213E4214821AF00F6503E /* Assets.xcassets */ = {isa = PBXFileReference; lastKnownFileType = folder.assetcatalog; path = Assets.xcassets; sourceTree = "<group>"; };
		C54213E7214821AF00F6503E /* Base */ = {isa = PBXFileReference; lastKnownFileType = file.storyboard; name = Base; path = Base.lproj/LaunchScreen.storyboard; sourceTree = "<group>"; };
		C54213E9214821AF00F6503E /* Info.plist */ = {isa = PBXFileReference; lastKnownFileType = text.plist.xml; path = Info.plist; sourceTree = "<group>"; };
		C54213EE214821AF00F6503E /* StocksTests.xctest */ = {isa = PBXFileReference; explicitFileType = wrapper.cfbundle; includeInIndex = 0; path = StocksTests.xctest; sourceTree = BUILT_PRODUCTS_DIR; };
		C54213F2214821AF00F6503E /* StocksTests.swift */ = {isa = PBXFileReference; lastKnownFileType = sourcecode.swift; path = StocksTests.swift; sourceTree = "<group>"; };
		C54213F4214821AF00F6503E /* Info.plist */ = {isa = PBXFileReference; lastKnownFileType = text.plist.xml; path = Info.plist; sourceTree = "<group>"; };
		C54213F9214821AF00F6503E /* StocksUITests.xctest */ = {isa = PBXFileReference; explicitFileType = wrapper.cfbundle; includeInIndex = 0; path = StocksUITests.xctest; sourceTree = BUILT_PRODUCTS_DIR; };
		C54213FD214821AF00F6503E /* StocksUITests.swift */ = {isa = PBXFileReference; lastKnownFileType = sourcecode.swift; path = StocksUITests.swift; sourceTree = "<group>"; };
		C54213FF214821AF00F6503E /* Info.plist */ = {isa = PBXFileReference; lastKnownFileType = text.plist.xml; path = Info.plist; sourceTree = "<group>"; };
/* End PBXFileReference section */

/* Begin PBXFrameworksBuildPhase section */
		C54213D7214821AE00F6503E /* Frameworks */ = {
			isa = PBXFrameworksBuildPhase;
			buildActionMask = 2147483647;
			files = (
			);
			runOnlyForDeploymentPostprocessing = 0;
		};
		C54213EB214821AF00F6503E /* Frameworks */ = {
			isa = PBXFrameworksBuildPhase;
			buildActionMask = 2147483647;
			files = (
			);
			runOnlyForDeploymentPostprocessing = 0;
		};
		C54213F6214821AF00F6503E /* Frameworks */ = {
			isa = PBXFrameworksBuildPhase;
			buildActionMask = 2147483647;
			files = (
			);
			runOnlyForDeploymentPostprocessing = 0;
		};
/* End PBXFrameworksBuildPhase section */

/* Begin PBXGroup section */
		C54213D1214821AE00F6503E = {
			isa = PBXGroup;
			children = (
				C54213DC214821AE00F6503E /* Stocks */,
				C54213F1214821AF00F6503E /* StocksTests */,
				C54213FC214821AF00F6503E /* StocksUITests */,
				C54213DB214821AE00F6503E /* Products */,
			);
			sourceTree = "<group>";
		};
		C54213DB214821AE00F6503E /* Products */ = {
			isa = PBXGroup;
			children = (
				C54213DA214821AE00F6503E /* Stocks.app */,
				C54213EE214821AF00F6503E /* StocksTests.xctest */,
				C54213F9214821AF00F6503E /* StocksUITests.xctest */,
			);
			name = Products;
			sourceTree = "<group>";
		};
		C54213DC214821AE00F6503E /* Stocks */ = {
			isa = PBXGroup;
			children = (
				C54213DD214821AE00F6503E /* AppDelegate.swift */,
				C54213DF214821AE00F6503E /* ViewController.swift */,
				C54213E1214821AE00F6503E /* Main.storyboard */,
				C54213E4214821AF00F6503E /* Assets.xcassets */,
				C54213E6214821AF00F6503E /* LaunchScreen.storyboard */,
				C54213E9214821AF00F6503E /* Info.plist */,
			);
			path = Stocks;
			sourceTree = "<group>";
		};
		C54213F1214821AF00F6503E /* StocksTests */ = {
			isa = PBXGroup;
			children = (
				C54213F2214821AF00F6503E /* StocksTests.swift */,
				C54213F4214821AF00F6503E /* Info.plist */,
			);
			path = StocksTests;
			sourceTree = "<group>";
		};
		C54213FC214821AF00F6503E /* StocksUITests */ = {
			isa = PBXGroup;
			children = (
				C54213FD214821AF00F6503E /* StocksUITests.swift */,
				C54213FF214821AF00F6503E /* Info.plist */,
			);
			path = StocksUITests;
			sourceTree = "<group>";
		};
/* End PBXGroup section */

/* Begin PBXNativeTarget section */
		C54213D9214821AE00F6503E /* Stocks */ = {
			isa = PBXNativeTarget;
			buildConfigurationList = C5421402214821AF00F6503E /* Build configuration list for PBXNativeTarget "Stocks" */;
			buildPhases = (
				C54213D6214821AE00F6503E /* Sources */,
				C54213D7214821AE00F6503E /* Frameworks */,
				C54213D8214821AE00F6503E /* Resources */,
			);
			buildRules = (
			);
			dependencies = (
			);
			name = Stocks;
			productName = Stocks;
			productReference = C54213DA214821AE00F6503E /* Stocks.app */;
			productType = "com.apple.product-type.application";
		};
		C54213ED214821AF00F6503E /* StocksTests */ = {
			isa = PBXNativeTarget;
			buildConfigurationList = C5421405214821AF00F6503E /* Build configuration list for PBXNativeTarget "StocksTests" */;
			buildPhases = (
				C54213EA214821AF00F6503E /* Sources */,
				C54213EB214821AF00F6503E /* Frameworks */,
				C54213EC214821AF00F6503E /* Resources */,
			);
			buildRules = (
			);
			dependencies = (
				C54213F0214821AF00F6503E /* PBXTargetDependency */,
			);
			name = StocksTests;
			productName = StocksTests;
			productReference = C54213EE214821AF00F6503E /* StocksTests.xctest */;
			productType = "com.apple.product-type.bundle.unit-test";
		};
		C54213F8214821AF00F6503E /* StocksUITests */ = {
			isa = PBXNativeTarget;
			buildConfigurationList = C5421408214821AF00F6503E /* Build configuration list for PBXNativeTarget "StocksUITests" */;
			buildPhases = (
				C54213F5214821AF00F6503E /* Sources */,
				C54213F6214821AF00F6503E /* Frameworks */,
				C54213F7214821AF00F6503E /* Resources */,
			);
			buildRules = (
			);
			dependencies = (
				C54213FB214821AF00F6503E /* PBXTargetDependency */,
			);
			name = StocksUITests;
			productName = StocksUITests;
			productReference = C54213F9214821AF00F6503E /* StocksUITests.xctest */;
			productType = "com.apple.product-type.bundle.ui-testing";
		};
/* End PBXNativeTarget section */

/* Begin PBXProject section */
		C54213D2214821AE00F6503E /* Project object */ = {
			isa = PBXProject;
			attributes = {
				LastSwiftUpdateCheck = 0940;
				LastUpgradeCheck = 0940;
				ORGANIZATIONNAME = Kaparray;
				TargetAttributes = {
					C54213D9214821AE00F6503E = {
						CreatedOnToolsVersion = 9.4.1;
					};
					C54213ED214821AF00F6503E = {
						CreatedOnToolsVersion = 9.4.1;
						TestTargetID = C54213D9214821AE00F6503E;
					};
					C54213F8214821AF00F6503E = {
						CreatedOnToolsVersion = 9.4.1;
						TestTargetID = C54213D9214821AE00F6503E;
					};
				};
			};
			buildConfigurationList = C54213D5214821AE00F6503E /* Build configuration list for PBXProject "Stocks" */;
			compatibilityVersion = "Xcode 9.3";
			developmentRegion = en;
			hasScannedForEncodings = 0;
			knownRegions = (
				en,
				Base,
			);
			mainGroup = C54213D1214821AE00F6503E;
			productRefGroup = C54213DB214821AE00F6503E /* Products */;
			projectDirPath = "";
			projectRoot = "";
			targets = (
				C54213D9214821AE00F6503E /* Stocks */,
				C54213ED214821AF00F6503E /* StocksTests */,
				C54213F8214821AF00F6503E /* StocksUITests */,
			);
		};
/* End PBXProject section */

/* Begin PBXResourcesBuildPhase section */
		C54213D8214821AE00F6503E /* Resources */ = {
			isa = PBXResourcesBuildPhase;
			buildActionMask = 2147483647;
			files = (
				C54213E8214821AF00F6503E /* LaunchScreen.storyboard in Resources */,
				C54213E5214821AF00F6503E /* Assets.xcassets in Resources */,
				C54213E3214821AE00F6503E /* Main.storyboard in Resources */,
			);
			runOnlyForDeploymentPostprocessing = 0;
		};
		C54213EC214821AF00F6503E /* Resources */ = {
			isa = PBXResourcesBuildPhase;
			buildActionMask = 2147483647;
			files = (
			);
			runOnlyForDeploymentPostprocessing = 0;
		};
		C54213F7214821AF00F6503E /* Resources */ = {
			isa = PBXResourcesBuildPhase;
			buildActionMask = 2147483647;
			files = (
			);
			runOnlyForDeploymentPostprocessing = 0;
		};
/* End PBXResourcesBuildPhase section */

/* Begin PBXSourcesBuildPhase section */
		C54213D6214821AE00F6503E /* Sources */ = {
			isa = PBXSourcesBuildPhase;
			buildActionMask = 2147483647;
			files = (
				C54213E0214821AE00F6503E /* ViewController.swift in Sources */,
				C54213DE214821AE00F6503E /* AppDelegate.swift in Sources */,
			);
			runOnlyForDeploymentPostprocessing = 0;
		};
		C54213EA214821AF00F6503E /* Sources */ = {
			isa = PBXSourcesBuildPhase;
			buildActionMask = 2147483647;
			files = (
				C54213F3214821AF00F6503E /* StocksTests.swift in Sources */,
			);
			runOnlyForDeploymentPostprocessing = 0;
		};
		C54213F5214821AF00F6503E /* Sources */ = {
			isa = PBXSourcesBuildPhase;
			buildActionMask = 2147483647;
			files = (
				C54213FE214821AF00F6503E /* StocksUITests.swift in Sources */,
			);
			runOnlyForDeploymentPostprocessing = 0;
		};
/* End PBXSourcesBuildPhase section */

/* Begin PBXTargetDependency section */
		C54213F0214821AF00F6503E /* PBXTargetDependency */ = {
			isa = PBXTargetDependency;
			target = C54213D9214821AE00F6503E /* Stocks */;
			targetProxy = C54213EF214821AF00F6503E /* PBXContainerItemProxy */;
		};
		C54213FB214821AF00F6503E /* PBXTargetDependency */ = {
			isa = PBXTargetDependency;
			target = C54213D9214821AE00F6503E /* Stocks */;
			targetProxy = C54213FA214821AF00F6503E /* PBXContainerItemProxy */;
		};
/* End PBXTargetDependency section */

/* Begin PBXVariantGroup section */
		C54213E1214821AE00F6503E /* Main.storyboard */ = {
			isa = PBXVariantGroup;
			children = (
				C54213E2214821AE00F6503E /* Base */,
			);
			name = Main.storyboard;
			sourceTree = "<group>";
		};
		C54213E6214821AF00F6503E /* LaunchScreen.storyboard */ = {
			isa = PBXVariantGroup;
			children = (
				C54213E7214821AF00F6503E /* Base */,
			);
			name = LaunchScreen.storyboard;
			sourceTree = "<group>";
		};
/* End PBXVariantGroup section */

/* Begin XCBuildConfiguration section */
		C5421400214821AF00F6503E /* Debug */ = {
			isa = XCBuildConfiguration;
			buildSettings = {
				ALWAYS_SEARCH_USER_PATHS = NO;
				CLANG_ANALYZER_NONNULL = YES;
				CLANG_ANALYZER_NUMBER_OBJECT_CONVERSION = YES_AGGRESSIVE;
				CLANG_CXX_LANGUAGE_STANDARD = "gnu++14";
				CLANG_CXX_LIBRARY = "libc++";
				CLANG_ENABLE_MODULES = YES;
				CLANG_ENABLE_OBJC_ARC = YES;
				CLANG_ENABLE_OBJC_WEAK = YES;
				CLANG_WARN_BLOCK_CAPTURE_AUTORELEASING = YES;
				CLANG_WARN_BOOL_CONVERSION = YES;
				CLANG_WARN_COMMA = YES;
				CLANG_WARN_CONSTANT_CONVERSION = YES;
				CLANG_WARN_DEPRECATED_OBJC_IMPLEMENTATIONS = YES;
				CLANG_WARN_DIRECT_OBJC_ISA_USAGE = YES_ERROR;
				CLANG_WARN_DOCUMENTATION_COMMENTS = YES;
				CLANG_WARN_EMPTY_BODY = YES;
				CLANG_WARN_ENUM_CONVERSION = YES;
				CLANG_WARN_INFINITE_RECURSION = YES;
				CLANG_WARN_INT_CONVERSION = YES;
				CLANG_WARN_NON_LITERAL_NULL_CONVERSION = YES;
				CLANG_WARN_OBJC_IMPLICIT_RETAIN_SELF = YES;
				CLANG_WARN_OBJC_LITERAL_CONVERSION = YES;
				CLANG_WARN_OBJC_ROOT_CLASS = YES_ERROR;
				CLANG_WARN_RANGE_LOOP_ANALYSIS = YES;
				CLANG_WARN_STRICT_PROTOTYPES = YES;
				CLANG_WARN_SUSPICIOUS_MOVE = YES;
				CLANG_WARN_UNGUARDED_AVAILABILITY = YES_AGGRESSIVE;
				CLANG_WARN_UNREACHABLE_CODE = YES;
				CLANG_WARN__DUPLICATE_METHOD_MATCH = YES;
				CODE_SIGN_IDENTITY = "iPhone Developer";
				COPY_PHASE_STRIP = NO;
				DEBUG_INFORMATION_FORMAT = dwarf;
				ENABLE_STRICT_OBJC_MSGSEND = YES;
				ENABLE_TESTABILITY = YES;
				GCC_C_LANGUAGE_STANDARD = gnu11;
				GCC_DYNAMIC_NO_PIC = NO;
				GCC_NO_COMMON_BLOCKS = YES;
				GCC_OPTIMIZATION_LEVEL = 0;
				GCC_PREPROCESSOR_DEFINITIONS = (
					"DEBUG=1",
					"$(inherited)",
				);
				GCC_WARN_64_TO_32_BIT_CONVERSION = YES;
				GCC_WARN_ABOUT_RETURN_TYPE = YES_ERROR;
				GCC_WARN_UNDECLARED_SELECTOR = YES;
				GCC_WARN_UNINITIALIZED_AUTOS = YES_AGGRESSIVE;
				GCC_WARN_UNUSED_FUNCTION = YES;
				GCC_WARN_UNUSED_VARIABLE = YES;
				IPHONEOS_DEPLOYMENT_TARGET = 11.4;
				MTL_ENABLE_DEBUG_INFO = YES;
				ONLY_ACTIVE_ARCH = YES;
				SDKROOT = iphoneos;
				SWIFT_ACTIVE_COMPILATION_CONDITIONS = DEBUG;
				SWIFT_OPTIMIZATION_LEVEL = "-Onone";
			};
			name = Debug;
		};
		C5421401214821AF00F6503E /* Release */ = {
			isa = XCBuildConfiguration;
			buildSettings = {
				ALWAYS_SEARCH_USER_PATHS = NO;
				CLANG_ANALYZER_NONNULL = YES;
				CLANG_ANALYZER_NUMBER_OBJECT_CONVERSION = YES_AGGRESSIVE;
				CLANG_CXX_LANGUAGE_STANDARD = "gnu++14";
				CLANG_CXX_LIBRARY = "libc++";
				CLANG_ENABLE_MODULES = YES;
				CLANG_ENABLE_OBJC_ARC = YES;
				CLANG_ENABLE_OBJC_WEAK = YES;
				CLANG_WARN_BLOCK_CAPTURE_AUTORELEASING = YES;
				CLANG_WARN_BOOL_CONVERSION = YES;
				CLANG_WARN_COMMA = YES;
				CLANG_WARN_CONSTANT_CONVERSION = YES;
				CLANG_WARN_DEPRECATED_OBJC_IMPLEMENTATIONS = YES;
				CLANG_WARN_DIRECT_OBJC_ISA_USAGE = YES_ERROR;
				CLANG_WARN_DOCUMENTATION_COMMENTS = YES;
				CLANG_WARN_EMPTY_BODY = YES;
				CLANG_WARN_ENUM_CONVERSION = YES;
				CLANG_WARN_INFINITE_RECURSION = YES;
				CLANG_WARN_INT_CONVERSION = YES;
				CLANG_WARN_NON_LITERAL_NULL_CONVERSION = YES;
				CLANG_WARN_OBJC_IMPLICIT_RETAIN_SELF = YES;
				CLANG_WARN_OBJC_LITERAL_CONVERSION = YES;
				CLANG_WARN_OBJC_ROOT_CLASS = YES_ERROR;
				CLANG_WARN_RANGE_LOOP_ANALYSIS = YES;
				CLANG_WARN_STRICT_PROTOTYPES = YES;
				CLANG_WARN_SUSPICIOUS_MOVE = YES;
				CLANG_WARN_UNGUARDED_AVAILABILITY = YES_AGGRESSIVE;
				CLANG_WARN_UNREACHABLE_CODE = YES;
				CLANG_WARN__DUPLICATE_METHOD_MATCH = YES;
				CODE_SIGN_IDENTITY = "iPhone Developer";
				COPY_PHASE_STRIP = NO;
				DEBUG_INFORMATION_FORMAT = "dwarf-with-dsym";
				ENABLE_NS_ASSERTIONS = NO;
				ENABLE_STRICT_OBJC_MSGSEND = YES;
				GCC_C_LANGUAGE_STANDARD = gnu11;
				GCC_NO_COMMON_BLOCKS = YES;
				GCC_WARN_64_TO_32_BIT_CONVERSION = YES;
				GCC_WARN_ABOUT_RETURN_TYPE = YES_ERROR;
				GCC_WARN_UNDECLARED_SELECTOR = YES;
				GCC_WARN_UNINITIALIZED_AUTOS = YES_AGGRESSIVE;
				GCC_WARN_UNUSED_FUNCTION = YES;
				GCC_WARN_UNUSED_VARIABLE = YES;
				IPHONEOS_DEPLOYMENT_TARGET = 11.4;
				MTL_ENABLE_DEBUG_INFO = NO;
				SDKROOT = iphoneos;
				SWIFT_COMPILATION_MODE = wholemodule;
				SWIFT_OPTIMIZATION_LEVEL = "-O";
				VALIDATE_PRODUCT = YES;
			};
			name = Release;
		};
		C5421403214821AF00F6503E /* Debug */ = {
			isa = XCBuildConfiguration;
			buildSettings = {
				ASSETCATALOG_COMPILER_APPICON_NAME = AppIcon;
				CODE_SIGN_STYLE = Automatic;
				INFOPLIST_FILE = Stocks/Info.plist;
				LD_RUNPATH_SEARCH_PATHS = (
					"$(inherited)",
					"@executable_path/Frameworks",
				);
				PRODUCT_BUNDLE_IDENTIFIER = com.kaparray.Stocks;
				PRODUCT_NAME = "$(TARGET_NAME)";
				SWIFT_VERSION = 4.0;
				TARGETED_DEVICE_FAMILY = "1,2";
			};
			name = Debug;
		};
		C5421404214821AF00F6503E /* Release */ = {
			isa = XCBuildConfiguration;
			buildSettings = {
				ASSETCATALOG_COMPILER_APPICON_NAME = AppIcon;
				CODE_SIGN_STYLE = Automatic;
				INFOPLIST_FILE = Stocks/Info.plist;
				LD_RUNPATH_SEARCH_PATHS = (
					"$(inherited)",
					"@executable_path/Frameworks",
				);
				PRODUCT_BUNDLE_IDENTIFIER = com.kaparray.Stocks;
				PRODUCT_NAME = "$(TARGET_NAME)";
				SWIFT_VERSION = 4.0;
				TARGETED_DEVICE_FAMILY = "1,2";
			};
			name = Release;
		};
		C5421406214821AF00F6503E /* Debug */ = {
			isa = XCBuildConfiguration;
			buildSettings = {
				ALWAYS_EMBED_SWIFT_STANDARD_LIBRARIES = YES;
				BUNDLE_LOADER = "$(TEST_HOST)";
				CODE_SIGN_STYLE = Automatic;
				INFOPLIST_FILE = StocksTests/Info.plist;
				LD_RUNPATH_SEARCH_PATHS = (
					"$(inherited)",
					"@executable_path/Frameworks",
					"@loader_path/Frameworks",
				);
				PRODUCT_BUNDLE_IDENTIFIER = com.kaparray.StocksTests;
				PRODUCT_NAME = "$(TARGET_NAME)";
				SWIFT_VERSION = 4.0;
				TARGETED_DEVICE_FAMILY = "1,2";
				TEST_HOST = "$(BUILT_PRODUCTS_DIR)/Stocks.app/Stocks";
			};
			name = Debug;
		};
		C5421407214821AF00F6503E /* Release */ = {
			isa = XCBuildConfiguration;
			buildSettings = {
				ALWAYS_EMBED_SWIFT_STANDARD_LIBRARIES = YES;
				BUNDLE_LOADER = "$(TEST_HOST)";
				CODE_SIGN_STYLE = Automatic;
				INFOPLIST_FILE = StocksTests/Info.plist;
				LD_RUNPATH_SEARCH_PATHS = (
					"$(inherited)",
					"@executable_path/Frameworks",
					"@loader_path/Frameworks",
				);
				PRODUCT_BUNDLE_IDENTIFIER = com.kaparray.StocksTests;
				PRODUCT_NAME = "$(TARGET_NAME)";
				SWIFT_VERSION = 4.0;
				TARGETED_DEVICE_FAMILY = "1,2";
				TEST_HOST = "$(BUILT_PRODUCTS_DIR)/Stocks.app/Stocks";
			};
			name = Release;
		};
		C5421409214821AF00F6503E /* Debug */ = {
			isa = XCBuildConfiguration;
			buildSettings = {
				ALWAYS_EMBED_SWIFT_STANDARD_LIBRARIES = YES;
				CODE_SIGN_STYLE = Automatic;
				INFOPLIST_FILE = StocksUITests/Info.plist;
				LD_RUNPATH_SEARCH_PATHS = (
					"$(inherited)",
					"@executable_path/Frameworks",
					"@loader_path/Frameworks",
				);
				PRODUCT_BUNDLE_IDENTIFIER = com.kaparray.StocksUITests;
				PRODUCT_NAME = "$(TARGET_NAME)";
				SWIFT_VERSION = 4.0;
				TARGETED_DEVICE_FAMILY = "1,2";
				TEST_TARGET_NAME = Stocks;
			};
			name = Debug;
		};
		C542140A214821AF00F6503E /* Release */ = {
			isa = XCBuildConfiguration;
			buildSettings = {
				ALWAYS_EMBED_SWIFT_STANDARD_LIBRARIES = YES;
				CODE_SIGN_STYLE = Automatic;
				INFOPLIST_FILE = StocksUITests/Info.plist;
				LD_RUNPATH_SEARCH_PATHS = (
					"$(inherited)",
					"@executable_path/Frameworks",
					"@loader_path/Frameworks",
				);
				PRODUCT_BUNDLE_IDENTIFIER = com.kaparray.StocksUITests;
				PRODUCT_NAME = "$(TARGET_NAME)";
				SWIFT_VERSION = 4.0;
				TARGETED_DEVICE_FAMILY = "1,2";
				TEST_TARGET_NAME = Stocks;
			};
			name = Release;
		};
/* End XCBuildConfiguration section */

/* Begin XCConfigurationList section */
		C54213D5214821AE00F6503E /* Build configuration list for PBXProject "Stocks" */ = {
			isa = XCConfigurationList;
			buildConfigurations = (
				C5421400214821AF00F6503E /* Debug */,
				C5421401214821AF00F6503E /* Release */,
			);
			defaultConfigurationIsVisible = 0;
			defaultConfigurationName = Release;
		};
		C5421402214821AF00F6503E /* Build configuration list for PBXNativeTarget "Stocks" */ = {
			isa = XCConfigurationList;
			buildConfigurations = (
				C5421403214821AF00F6503E /* Debug */,
				C5421404214821AF00F6503E /* Release */,
			);
			defaultConfigurationIsVisible = 0;
			defaultConfigurationName = Release;
		};
		C5421405214821AF00F6503E /* Build configuration list for PBXNativeTarget "StocksTests" */ = {
			isa = XCConfigurationList;
			buildConfigurations = (
				C5421406214821AF00F6503E /* Debug */,
				C5421407214821AF00F6503E /* Release */,
			);
			defaultConfigurationIsVisible = 0;
			defaultConfigurationName = Release;
		};
		C5421408214821AF00F6503E /* Build configuration list for PBXNativeTarget "StocksUITests" */ = {
			isa = XCConfigurationList;
			buildConfigurations = (
				C5421409214821AF00F6503E /* Debug */,
				C542140A214821AF00F6503E /* Release */,
			);
			defaultConfigurationIsVisible = 0;
			defaultConfigurationName = Release;
		};
/* End XCConfigurationList section */
	};
	rootObject = C54213D2214821AE00F6503E /* Project object */;
}
